
Microsoft Visual Studio Solution File, Format Version 12.00
# Visual Studio Version 17
VisualStudioVersion = 17.7.34024.191
MinimumVisualStudioVersion = 10.0.40219.1
Project("{FAE04EC0-301F-11D3-BF4B-00C04F79EFBC}") = "JwtApi", "JwtApi\JwtApi.csproj", "{7A1611D8-2650-4746-B141-7C149D20C3BC}"
EndProject
Global
	GlobalSection(SolutionConfigurationPlatforms) = preSolution
		Debug|Any CPU = Debug|Any CPU
		Release|Any CPU = Release|Any CPU
	EndGlobalSection
	GlobalSection(ProjectConfigurationPlatforms) = postSolution
		{7A1611D8-2650-4746-B141-7C149D20C3BC}.Debug|Any CPU.ActiveCfg = Debug|Any CPU
		{7A1611D8-2650-4746-B141-7C149D20C3BC}.Debug|Any CPU.Build.0 = Debug|Any CPU
		{7A1611D8-2650-4746-B141-7C149D20C3BC}.Release|Any CPU.ActiveCfg = Release|Any CPU
		{7A1611D8-2650-4746-B141-7C149D20C3BC}.Release|Any CPU.Build.0 = Release|Any CPU
	EndGlobalSection
	GlobalSection(SolutionProperties) = preSolution
		HideSolutionNode = FALSE
	EndGlobalSection
	GlobalSection(ExtensibilityGlobals) = postSolution
		SolutionGuid = {ED73DEFD-A0CB-4164-A909-FB076577D74F}
	EndGlobalSection
EndGlobal
